
Microsoft Visual Studio Solution File, Format Version 12.00
# Visual Studio Version 17
VisualStudioVersion = 17.2.32505.173
MinimumVisualStudioVersion = 10.0.40219.1
Project("{9A19103F-16F7-4668-BE54-9A1E7A4F7556}") = "MeatForward", "MeatForward.csproj", "{02C01921-825A-4C21-8F91-A350F399870D}"
EndProject
Global
	GlobalSection(SolutionConfigurationPlatforms) = preSolution
		Debug|Any CPU = Debug|Any CPU
		Release|Any CPU = Release|Any CPU
	EndGlobalSection
	GlobalSection(ProjectConfigurationPlatforms) = postSolution
		{02C01921-825A-4C21-8F91-A350F399870D}.Debug|Any CPU.ActiveCfg = Debug|Any CPU
		{02C01921-825A-4C21-8F91-A350F399870D}.Debug|Any CPU.Build.0 = Debug|Any CPU
		{02C01921-825A-4C21-8F91-A350F399870D}.Release|Any CPU.ActiveCfg = Release|Any CPU
		{02C01921-825A-4C21-8F91-A350F399870D}.Release|Any CPU.Build.0 = Release|Any CPU
	EndGlobalSection
	GlobalSection(SolutionProperties) = preSolution
		HideSolutionNode = FALSE
	EndGlobalSection
	GlobalSection(ExtensibilityGlobals) = postSolution
		SolutionGuid = {13651798-B3C0-4000-A95E-E9F107D773F8}
	EndGlobalSection
EndGlobal
